{
  "version": 4,
  "terraform_version": "1.12.1",
  "serial": 14,
  "lineage": "1f5e4a04-a105-de00-f67f-9afe84f88c66",
  "outputs": {},
  "resources": [
    {
      "module": "module.pip",
      "mode": "managed",
      "type": "azurerm_public_ip",
      "name": "pip",
      "provider": "provider[\"registry.terraform.io/hashicorp/azurerm\"]",
      "instances": [
        {
          "index_key": "pip1",
          "schema_version": 0,
          "attributes": {
            "allocation_method": "Static",
            "ddos_protection_mode": "VirtualNetworkInherited",
            "ddos_protection_plan_id": null,
            "domain_name_label": null,
            "domain_name_label_scope": null,
            "edge_zone": "",
            "fqdn": null,
            "id": "/subscriptions/9d96148d-a3b7-4254-8194-71f35003800c/resourceGroups/amit/providers/Microsoft.Network/publicIPAddresses/amit_pip",
            "idle_timeout_in_minutes": 4,
            "ip_address": "74.225.204.119",
            "ip_tags": null,
            "ip_version": "IPv4",
            "location": "centralindia",
            "name": "amit_pip",
            "public_ip_prefix_id": null,
            "resource_group_name": "amit",
            "reverse_fqdn": null,
            "sku": "Standard",
            "sku_tier": "Regional",
            "tags": null,
            "timeouts": null,
            "zones": null
          },
          "sensitive_attributes": [],
          "identity_schema_version": 0,
          "private": "eyJlMmJmYjczMC1lY2FhLTExZTYtOGY4OC0zNDM2M2JjN2M0YzAiOnsiY3JlYXRlIjoxODAwMDAwMDAwMDAwLCJkZWxldGUiOjE4MDAwMDAwMDAwMDAsInJlYWQiOjMwMDAwMDAwMDAwMCwidXBkYXRlIjoxODAwMDAwMDAwMDAwfX0=",
          "dependencies": [
            "module.rg.azurerm_resource_group.rg"
          ]
        },
        {
          "index_key": "pip2",
          "schema_version": 0,
          "attributes": {
            "allocation_method": "Static",
            "ddos_protection_mode": "VirtualNetworkInherited",
            "ddos_protection_plan_id": null,
            "domain_name_label": null,
            "domain_name_label_scope": null,
            "edge_zone": "",
            "fqdn": null,
            "id": "/subscriptions/9d96148d-a3b7-4254-8194-71f35003800c/resourceGroups/amit/providers/Microsoft.Network/publicIPAddresses/sonu_pip",
            "idle_timeout_in_minutes": 4,
            "ip_address": "4.213.56.99",
            "ip_tags": null,
            "ip_version": "IPv4",
            "location": "centralindia",
            "name": "sonu_pip",
            "public_ip_prefix_id": null,
            "resource_group_name": "amit",
            "reverse_fqdn": null,
            "sku": "Standard",
            "sku_tier": "Regional",
            "tags": null,
            "timeouts": null,
            "zones": null
          },
          "sensitive_attributes": [],
          "identity_schema_version": 0,
          "private": "eyJlMmJmYjczMC1lY2FhLTExZTYtOGY4OC0zNDM2M2JjN2M0YzAiOnsiY3JlYXRlIjoxODAwMDAwMDAwMDAwLCJkZWxldGUiOjE4MDAwMDAwMDAwMDAsInJlYWQiOjMwMDAwMDAwMDAwMCwidXBkYXRlIjoxODAwMDAwMDAwMDAwfX0=",
          "dependencies": [
            "module.rg.azurerm_resource_group.rg"
          ]
        }
      ]
    },
    {
      "module": "module.rg",
      "mode": "managed",
      "type": "azurerm_resource_group",
      "name": "rg",
      "provider": "provider[\"registry.terraform.io/hashicorp/azurerm\"]",
      "instances": [
        {
          "schema_version": 0,
          "attributes": {
            "id": "/subscriptions/9d96148d-a3b7-4254-8194-71f35003800c/resourceGroups/amit",
            "location": "centralindia",
            "managed_by": "",
            "name": "amit",
            "tags": null,
            "timeouts": null
          },
          "sensitive_attributes": [],
          "identity_schema_version": 0,
          "private": "eyJlMmJmYjczMC1lY2FhLTExZTYtOGY4OC0zNDM2M2JjN2M0YzAiOnsiY3JlYXRlIjo1NDAwMDAwMDAwMDAwLCJkZWxldGUiOjU0MDAwMDAwMDAwMDAsInJlYWQiOjMwMDAwMDAwMDAwMCwidXBkYXRlIjo1NDAwMDAwMDAwMDAwfX0="
        }
      ]
    },
    {
      "module": "module.subnet",
      "mode": "managed",
      "type": "azurerm_subnet",
      "name": "subnet",
      "provider": "provider[\"registry.terraform.io/hashicorp/azurerm\"]",
      "instances": [
        {
          "schema_version": 0,
          "attributes": {
            "address_prefixes": [
              "10.0.1.0/24"
            ],
            "default_outbound_access_enabled": true,
            "delegation": [],
            "id": "/subscriptions/9d96148d-a3b7-4254-8194-71f35003800c/resourceGroups/amit/providers/Microsoft.Network/virtualNetworks/amit_vnet/subnets/amit_subnet",
            "ip_address_pool": [],
            "name": "amit_subnet",
            "private_endpoint_network_policies": "Disabled",
            "private_link_service_network_policies_enabled": true,
            "resource_group_name": "amit",
            "service_endpoint_policy_ids": null,
            "service_endpoints": null,
            "sharing_scope": "",
            "timeouts": null,
            "virtual_network_name": "amit_vnet"
          },
          "sensitive_attributes": [],
          "identity_schema_version": 0,
          "identity": {
            "name": "amit_subnet",
            "resource_group_name": "amit",
            "subscription_id": "9d96148d-a3b7-4254-8194-71f35003800c",
            "virtual_network_name": "amit_vnet"
          },
          "private": "eyJlMmJmYjczMC1lY2FhLTExZTYtOGY4OC0zNDM2M2JjN2M0YzAiOnsiY3JlYXRlIjoxODAwMDAwMDAwMDAwLCJkZWxldGUiOjE4MDAwMDAwMDAwMDAsInJlYWQiOjMwMDAwMDAwMDAwMCwidXBkYXRlIjoxODAwMDAwMDAwMDAwfX0=",
          "dependencies": [
            "module.rg.azurerm_resource_group.rg",
            "module.vnet.azurerm_virtual_network.vnet"
          ]
        }
      ]
    },
    {
      "module": "module.virtual_machine",
      "mode": "data",
      "type": "azurerm_public_ip",
      "name": "pip_id",
      "provider": "provider[\"registry.terraform.io/hashicorp/azurerm\"]",
      "instances": [
        {
          "index_key": "vm1",
          "schema_version": 0,
          "attributes": {
            "allocation_method": "Static",
            "ddos_protection_mode": "VirtualNetworkInherited",
            "ddos_protection_plan_id": null,
            "domain_name_label": "",
            "fqdn": "",
            "id": "/subscriptions/9d96148d-a3b7-4254-8194-71f35003800c/resourceGroups/amit/providers/Microsoft.Network/publicIPAddresses/amit_pip",
            "idle_timeout_in_minutes": 4,
            "ip_address": "74.225.204.119",
            "ip_tags": {},
            "ip_version": "IPv4",
            "location": "centralindia",
            "name": "amit_pip",
            "resource_group_name": "amit",
            "reverse_fqdn": "",
            "sku": "Standard",
            "tags": {},
            "timeouts": null,
            "zones": []
          },
          "sensitive_attributes": [],
          "identity_schema_version": 0
        },
        {
          "index_key": "vm2",
          "schema_version": 0,
          "attributes": {
            "allocation_method": "Static",
            "ddos_protection_mode": "VirtualNetworkInherited",
            "ddos_protection_plan_id": null,
            "domain_name_label": "",
            "fqdn": "",
            "id": "/subscriptions/9d96148d-a3b7-4254-8194-71f35003800c/resourceGroups/amit/providers/Microsoft.Network/publicIPAddresses/sonu_pip",
            "idle_timeout_in_minutes": 4,
            "ip_address": "4.213.56.99",
            "ip_tags": {},
            "ip_version": "IPv4",
            "location": "centralindia",
            "name": "sonu_pip",
            "resource_group_name": "amit",
            "reverse_fqdn": "",
            "sku": "Standard",
            "tags": {},
            "timeouts": null,
            "zones": []
          },
          "sensitive_attributes": [],
          "identity_schema_version": 0
        }
      ]
    },
    {
      "module": "module.virtual_machine",
      "mode": "data",
      "type": "azurerm_subnet",
      "name": "subnet_id",
      "provider": "provider[\"registry.terraform.io/hashicorp/azurerm\"]",
      "instances": [
        {
          "index_key": "vm1",
          "schema_version": 0,
          "attributes": {
            "address_prefix": "10.0.1.0/24",
            "address_prefixes": [
              "10.0.1.0/24"
            ],
            "default_outbound_access_enabled": true,
            "id": "/subscriptions/9d96148d-a3b7-4254-8194-71f35003800c/resourceGroups/amit/providers/Microsoft.Network/virtualNetworks/amit_vnet/subnets/amit_subnet",
            "name": "amit_subnet",
            "network_security_group_id": "",
            "private_endpoint_network_policies": "Disabled",
            "private_link_service_network_policies_enabled": true,
            "resource_group_name": "amit",
            "route_table_id": "",
            "service_endpoints": [],
            "timeouts": null,
            "virtual_network_name": "amit_vnet"
          },
          "sensitive_attributes": [],
          "identity_schema_version": 0
        },
        {
          "index_key": "vm2",
          "schema_version": 0,
          "attributes": {
            "address_prefix": "10.0.1.0/24",
            "address_prefixes": [
              "10.0.1.0/24"
            ],
            "default_outbound_access_enabled": true,
            "id": "/subscriptions/9d96148d-a3b7-4254-8194-71f35003800c/resourceGroups/amit/providers/Microsoft.Network/virtualNetworks/amit_vnet/subnets/amit_subnet",
            "name": "amit_subnet",
            "network_security_group_id": "",
            "private_endpoint_network_policies": "Disabled",
            "private_link_service_network_policies_enabled": true,
            "resource_group_name": "amit",
            "route_table_id": "",
            "service_endpoints": [],
            "timeouts": null,
            "virtual_network_name": "amit_vnet"
          },
          "sensitive_attributes": [],
          "identity_schema_version": 0
        }
      ]
    },
    {
      "module": "module.virtual_machine",
      "mode": "managed",
      "type": "azurerm_linux_virtual_machine",
      "name": "vm-fronted",
      "provider": "provider[\"registry.terraform.io/hashicorp/azurerm\"]",
      "instances": [
        {
          "index_key": "vm1",
          "schema_version": 0,
          "attributes": {
            "additional_capabilities": [],
            "admin_password": "Nokia123",
            "admin_ssh_key": [],
            "admin_username": "pardeep",
            "allow_extension_operations": true,
            "availability_set_id": "",
            "boot_diagnostics": [],
            "bypass_platform_safety_checks_on_user_schedule_enabled": false,
            "capacity_reservation_group_id": "",
            "computer_name": "frontend-vm",
            "custom_data": null,
            "dedicated_host_group_id": "",
            "dedicated_host_id": "",
            "disable_password_authentication": false,
            "disk_controller_type": "SCSI",
            "edge_zone": "",
            "encryption_at_host_enabled": false,
            "eviction_policy": "",
            "extensions_time_budget": "PT1H30M",
            "gallery_application": [],
            "id": "/subscriptions/9d96148d-a3b7-4254-8194-71f35003800c/resourceGroups/amit/providers/Microsoft.Compute/virtualMachines/frontend-vm",
            "identity": [],
            "license_type": "",
            "location": "centralindia",
            "max_bid_price": -1,
            "name": "frontend-vm",
            "network_interface_ids": [
              "/subscriptions/9d96148d-a3b7-4254-8194-71f35003800c/resourceGroups/amit/providers/Microsoft.Network/networkInterfaces/vm1-nic"
            ],
            "os_disk": [
              {
                "caching": "ReadWrite",
                "diff_disk_settings": [],
                "disk_encryption_set_id": "",
                "disk_size_gb": 30,
                "id": "/subscriptions/9d96148d-a3b7-4254-8194-71f35003800c/resourceGroups/amit/providers/Microsoft.Compute/disks/frontend-vm_OsDisk_1_391ff7256c7a4acfb5a2b24a7996f3c9",
                "name": "frontend-vm_OsDisk_1_391ff7256c7a4acfb5a2b24a7996f3c9",
                "secure_vm_disk_encryption_set_id": "",
                "security_encryption_type": "",
                "storage_account_type": "Standard_LRS",
                "write_accelerator_enabled": false
              }
            ],
            "os_image_notification": [],
            "os_managed_disk_id": "/subscriptions/9d96148d-a3b7-4254-8194-71f35003800c/resourceGroups/amit/providers/Microsoft.Compute/disks/frontend-vm_OsDisk_1_391ff7256c7a4acfb5a2b24a7996f3c9",
            "patch_assessment_mode": "ImageDefault",
            "patch_mode": "ImageDefault",
            "plan": [],
            "platform_fault_domain": -1,
            "priority": "Regular",
            "private_ip_address": "10.0.1.4",
            "private_ip_addresses": [
              "10.0.1.4"
            ],
            "provision_vm_agent": true,
            "proximity_placement_group_id": "",
            "public_ip_address": "74.225.204.119",
            "public_ip_addresses": [
              "74.225.204.119"
            ],
            "reboot_setting": "",
            "resource_group_name": "amit",
            "secret": [],
            "secure_boot_enabled": false,
            "size": "Standard_B1s",
            "source_image_id": "",
            "source_image_reference": [
              {
                "offer": "0001-com-ubuntu-server-jammy",
                "publisher": "Canonical",
                "sku": "22_04-lts-gen2",
                "version": "latest"
              }
            ],
            "tags": null,
            "termination_notification": null,
            "timeouts": null,
            "user_data": "",
            "virtual_machine_id": "77cbbdc8-46ed-4a08-870d-2840e3516504",
            "virtual_machine_scale_set_id": "",
            "vm_agent_platform_updates_enabled": false,
            "vtpm_enabled": false,
            "zone": ""
          },
          "sensitive_attributes": [
            [
              {
                "type": "get_attr",
                "value": "admin_password"
              }
            ],
            [
              {
                "type": "get_attr",
                "value": "custom_data"
              }
            ]
          ],
          "identity_schema_version": 0,
          "private": "eyJlMmJmYjczMC1lY2FhLTExZTYtOGY4OC0zNDM2M2JjN2M0YzAiOnsiY3JlYXRlIjoyNzAwMDAwMDAwMDAwLCJkZWxldGUiOjI3MDAwMDAwMDAwMDAsInJlYWQiOjMwMDAwMDAwMDAwMCwidXBkYXRlIjoyNzAwMDAwMDAwMDAwfX0=",
          "dependencies": [
            "module.pip.azurerm_public_ip.pip",
            "module.rg.azurerm_resource_group.rg",
            "module.subnet.azurerm_subnet.subnet",
            "module.virtual_machine.azurerm_network_interface.nic",
            "module.virtual_machine.data.azurerm_public_ip.pip_id",
            "module.virtual_machine.data.azurerm_subnet.subnet_id",
            "module.vnet.azurerm_virtual_network.vnet"
          ]
        },
        {
          "index_key": "vm2",
          "schema_version": 0,
          "attributes": {
            "additional_capabilities": [],
            "admin_password": "Nokia123",
            "admin_ssh_key": [],
            "admin_username": "pardeep",
            "allow_extension_operations": true,
            "availability_set_id": "",
            "boot_diagnostics": [],
            "bypass_platform_safety_checks_on_user_schedule_enabled": false,
            "capacity_reservation_group_id": "",
            "computer_name": "backend-vm",
            "custom_data": null,
            "dedicated_host_group_id": "",
            "dedicated_host_id": "",
            "disable_password_authentication": false,
            "disk_controller_type": "SCSI",
            "edge_zone": "",
            "encryption_at_host_enabled": false,
            "eviction_policy": "",
            "extensions_time_budget": "PT1H30M",
            "gallery_application": [],
            "id": "/subscriptions/9d96148d-a3b7-4254-8194-71f35003800c/resourceGroups/amit/providers/Microsoft.Compute/virtualMachines/backend-vm",
            "identity": [],
            "license_type": "",
            "location": "centralindia",
            "max_bid_price": -1,
            "name": "backend-vm",
            "network_interface_ids": [
              "/subscriptions/9d96148d-a3b7-4254-8194-71f35003800c/resourceGroups/amit/providers/Microsoft.Network/networkInterfaces/vm2-nic"
            ],
            "os_disk": [
              {
                "caching": "ReadWrite",
                "diff_disk_settings": [],
                "disk_encryption_set_id": "",
                "disk_size_gb": 30,
                "id": "/subscriptions/9d96148d-a3b7-4254-8194-71f35003800c/resourceGroups/amit/providers/Microsoft.Compute/disks/backend-vm_OsDisk_1_2c15652a90de4060aab608ae8355934a",
                "name": "backend-vm_OsDisk_1_2c15652a90de4060aab608ae8355934a",
                "secure_vm_disk_encryption_set_id": "",
                "security_encryption_type": "",
                "storage_account_type": "Standard_LRS",
                "write_accelerator_enabled": false
              }
            ],
            "os_image_notification": [],
            "os_managed_disk_id": "/subscriptions/9d96148d-a3b7-4254-8194-71f35003800c/resourceGroups/amit/providers/Microsoft.Compute/disks/backend-vm_OsDisk_1_2c15652a90de4060aab608ae8355934a",
            "patch_assessment_mode": "ImageDefault",
            "patch_mode": "ImageDefault",
            "plan": [],
            "platform_fault_domain": -1,
            "priority": "Regular",
            "private_ip_address": "10.0.1.5",
            "private_ip_addresses": [
              "10.0.1.5"
            ],
            "provision_vm_agent": true,
            "proximity_placement_group_id": "",
            "public_ip_address": "4.213.56.99",
            "public_ip_addresses": [
              "4.213.56.99"
            ],
            "reboot_setting": "",
            "resource_group_name": "amit",
            "secret": [],
            "secure_boot_enabled": false,
            "size": "Standard_B1s",
            "source_image_id": "",
            "source_image_reference": [
              {
                "offer": "0001-com-ubuntu-server-jammy",
                "publisher": "Canonical",
                "sku": "22_04-lts-gen2",
                "version": "latest"
              }
            ],
            "tags": null,
            "termination_notification": null,
            "timeouts": null,
            "user_data": "",
            "virtual_machine_id": "b36987be-4010-4972-9138-b48534053baa",
            "virtual_machine_scale_set_id": "",
            "vm_agent_platform_updates_enabled": false,
            "vtpm_enabled": false,
            "zone": ""
          },
          "sensitive_attributes": [
            [
              {
                "type": "get_attr",
                "value": "admin_password"
              }
            ],
            [
              {
                "type": "get_attr",
                "value": "custom_data"
              }
            ]
          ],
          "identity_schema_version": 0,
          "private": "eyJlMmJmYjczMC1lY2FhLTExZTYtOGY4OC0zNDM2M2JjN2M0YzAiOnsiY3JlYXRlIjoyNzAwMDAwMDAwMDAwLCJkZWxldGUiOjI3MDAwMDAwMDAwMDAsInJlYWQiOjMwMDAwMDAwMDAwMCwidXBkYXRlIjoyNzAwMDAwMDAwMDAwfX0=",
          "dependencies": [
            "module.pip.azurerm_public_ip.pip",
            "module.rg.azurerm_resource_group.rg",
            "module.subnet.azurerm_subnet.subnet",
            "module.virtual_machine.azurerm_network_interface.nic",
            "module.virtual_machine.data.azurerm_public_ip.pip_id",
            "module.virtual_machine.data.azurerm_subnet.subnet_id",
            "module.vnet.azurerm_virtual_network.vnet"
          ]
        }
      ]
    },
    {
      "module": "module.virtual_machine",
      "mode": "managed",
      "type": "azurerm_network_interface",
      "name": "nic",
      "provider": "provider[\"registry.terraform.io/hashicorp/azurerm\"]",
      "instances": [
        {
          "index_key": "vm1",
          "schema_version": 0,
          "attributes": {
            "accelerated_networking_enabled": false,
            "applied_dns_servers": [],
            "auxiliary_mode": "",
            "auxiliary_sku": "",
            "dns_servers": null,
            "edge_zone": "",
            "id": "/subscriptions/9d96148d-a3b7-4254-8194-71f35003800c/resourceGroups/amit/providers/Microsoft.Network/networkInterfaces/vm1-nic",
            "internal_dns_name_label": "",
            "internal_domain_name_suffix": "oc2evunwhimurbfy5jjbjqm30h.rx.internal.cloudapp.net",
            "ip_configuration": [
              {
                "gateway_load_balancer_frontend_ip_configuration_id": "",
                "name": "ipconfig1",
                "primary": true,
                "private_ip_address": "10.0.1.4",
                "private_ip_address_allocation": "Dynamic",
                "private_ip_address_version": "IPv4",
                "public_ip_address_id": "/subscriptions/9d96148d-a3b7-4254-8194-71f35003800c/resourceGroups/amit/providers/Microsoft.Network/publicIPAddresses/amit_pip",
                "subnet_id": "/subscriptions/9d96148d-a3b7-4254-8194-71f35003800c/resourceGroups/amit/providers/Microsoft.Network/virtualNetworks/amit_vnet/subnets/amit_subnet"
              }
            ],
            "ip_forwarding_enabled": false,
            "location": "centralindia",
            "mac_address": "",
            "name": "vm1-nic",
            "private_ip_address": "10.0.1.4",
            "private_ip_addresses": [
              "10.0.1.4"
            ],
            "resource_group_name": "amit",
            "tags": null,
            "timeouts": null,
            "virtual_machine_id": ""
          },
          "sensitive_attributes": [],
          "identity_schema_version": 0,
          "identity": {
            "name": "vm1-nic",
            "resource_group_name": "amit",
            "subscription_id": "9d96148d-a3b7-4254-8194-71f35003800c"
          },
          "private": "eyJlMmJmYjczMC1lY2FhLTExZTYtOGY4OC0zNDM2M2JjN2M0YzAiOnsiY3JlYXRlIjoxODAwMDAwMDAwMDAwLCJkZWxldGUiOjE4MDAwMDAwMDAwMDAsInJlYWQiOjMwMDAwMDAwMDAwMCwidXBkYXRlIjoxODAwMDAwMDAwMDAwfX0=",
          "dependencies": [
            "module.pip.azurerm_public_ip.pip",
            "module.rg.azurerm_resource_group.rg",
            "module.subnet.azurerm_subnet.subnet",
            "module.virtual_machine.data.azurerm_public_ip.pip_id",
            "module.virtual_machine.data.azurerm_subnet.subnet_id",
            "module.vnet.azurerm_virtual_network.vnet"
          ]
        },
        {
          "index_key": "vm2",
          "schema_version": 0,
          "attributes": {
            "accelerated_networking_enabled": false,
            "applied_dns_servers": [],
            "auxiliary_mode": "",
            "auxiliary_sku": "",
            "dns_servers": null,
            "edge_zone": "",
            "id": "/subscriptions/9d96148d-a3b7-4254-8194-71f35003800c/resourceGroups/amit/providers/Microsoft.Network/networkInterfaces/vm2-nic",
            "internal_dns_name_label": "",
            "internal_domain_name_suffix": "oc2evunwhimurbfy5jjbjqm30h.rx.internal.cloudapp.net",
            "ip_configuration": [
              {
                "gateway_load_balancer_frontend_ip_configuration_id": "",
                "name": "ipconfig1",
                "primary": true,
                "private_ip_address": "10.0.1.5",
                "private_ip_address_allocation": "Dynamic",
                "private_ip_address_version": "IPv4",
                "public_ip_address_id": "/subscriptions/9d96148d-a3b7-4254-8194-71f35003800c/resourceGroups/amit/providers/Microsoft.Network/publicIPAddresses/sonu_pip",
                "subnet_id": "/subscriptions/9d96148d-a3b7-4254-8194-71f35003800c/resourceGroups/amit/providers/Microsoft.Network/virtualNetworks/amit_vnet/subnets/amit_subnet"
              }
            ],
            "ip_forwarding_enabled": false,
            "location": "centralindia",
            "mac_address": "",
            "name": "vm2-nic",
            "private_ip_address": "10.0.1.5",
            "private_ip_addresses": [
              "10.0.1.5"
            ],
            "resource_group_name": "amit",
            "tags": null,
            "timeouts": null,
            "virtual_machine_id": ""
          },
          "sensitive_attributes": [],
          "identity_schema_version": 0,
          "identity": {
            "name": "vm2-nic",
            "resource_group_name": "amit",
            "subscription_id": "9d96148d-a3b7-4254-8194-71f35003800c"
          },
          "private": "eyJlMmJmYjczMC1lY2FhLTExZTYtOGY4OC0zNDM2M2JjN2M0YzAiOnsiY3JlYXRlIjoxODAwMDAwMDAwMDAwLCJkZWxldGUiOjE4MDAwMDAwMDAwMDAsInJlYWQiOjMwMDAwMDAwMDAwMCwidXBkYXRlIjoxODAwMDAwMDAwMDAwfX0=",
          "dependencies": [
            "module.pip.azurerm_public_ip.pip",
            "module.rg.azurerm_resource_group.rg",
            "module.subnet.azurerm_subnet.subnet",
            "module.virtual_machine.data.azurerm_public_ip.pip_id",
            "module.virtual_machine.data.azurerm_subnet.subnet_id",
            "module.vnet.azurerm_virtual_network.vnet"
          ]
        }
      ]
    },
    {
      "module": "module.vnet",
      "mode": "managed",
      "type": "azurerm_virtual_network",
      "name": "vnet",
      "provider": "provider[\"registry.terraform.io/hashicorp/azurerm\"]",
      "instances": [
        {
          "schema_version": 0,
          "attributes": {
            "address_space": [
              "10.0.0.0/16"
            ],
            "bgp_community": "",
            "ddos_protection_plan": [],
            "dns_servers": [],
            "edge_zone": "",
            "encryption": [],
            "flow_timeout_in_minutes": 0,
            "guid": "d14ab870-3ab6-4819-84b8-fa5214c19dd7",
            "id": "/subscriptions/9d96148d-a3b7-4254-8194-71f35003800c/resourceGroups/amit/providers/Microsoft.Network/virtualNetworks/amit_vnet",
            "ip_address_pool": [],
            "location": "centralindia",
            "name": "amit_vnet",
            "private_endpoint_vnet_policies": "Disabled",
            "resource_group_name": "amit",
            "subnet": [],
            "tags": null,
            "timeouts": null
          },
          "sensitive_attributes": [],
          "identity_schema_version": 0,
          "identity": {
            "name": "amit_vnet",
            "resource_group_name": "amit",
            "subscription_id": "9d96148d-a3b7-4254-8194-71f35003800c"
          },
          "private": "eyJlMmJmYjczMC1lY2FhLTExZTYtOGY4OC0zNDM2M2JjN2M0YzAiOnsiY3JlYXRlIjoxODAwMDAwMDAwMDAwLCJkZWxldGUiOjE4MDAwMDAwMDAwMDAsInJlYWQiOjMwMDAwMDAwMDAwMCwidXBkYXRlIjoxODAwMDAwMDAwMDAwfX0=",
          "dependencies": [
            "module.rg.azurerm_resource_group.rg"
          ]
        }
      ]
    }
  ],
  "check_results": null
}
