{
  "version": 4,
  "terraform_version": "1.12.2",
  "serial": 21,
  "lineage": "8ac02c5c-c3b0-8515-74d9-cdb9a208ba79",
  "outputs": {},
  "resources": [
    {
      "module": "module.kv",
      "mode": "managed",
      "type": "azurerm_key_vault",
      "name": "kv",
      "provider": "provider[\"registry.terraform.io/hashicorp/azurerm\"]",
      "instances": [
        {
          "index_key": "kv1",
          "schema_version": 2,
          "attributes": {
            "access_policy": [],
            "contact": [],
            "enable_rbac_authorization": false,
            "enabled_for_deployment": false,
            "enabled_for_disk_encryption": true,
            "enabled_for_template_deployment": false,
            "id": "/subscriptions/987e5914-628e-4e9a-8c8f-d7fa87735002/resourceGroups/ojhadev/providers/Microsoft.KeyVault/vaults/chaprakv",
            "location": "centralindia",
            "name": "chaprakv",
            "network_acls": [
              {
                "bypass": "AzureServices",
                "default_action": "Allow",
                "ip_rules": [],
                "virtual_network_subnet_ids": []
              }
            ],
            "public_network_access_enabled": true,
            "purge_protection_enabled": false,
            "rbac_authorization_enabled": false,
            "resource_group_name": "ojhadev",
            "sku_name": "standard",
            "soft_delete_retention_days": 7,
            "tags": null,
            "tenant_id": "52bc51cf-e7ed-4509-9a87-a0b4d1c97f38",
            "timeouts": null,
            "vault_uri": "https://chaprakv.vault.azure.net/"
          },
          "sensitive_attributes": [],
          "identity_schema_version": 0,
          "private": "eyJlMmJmYjczMC1lY2FhLTExZTYtOGY4OC0zNDM2M2JjN2M0YzAiOnsiY3JlYXRlIjoxODAwMDAwMDAwMDAwLCJkZWxldGUiOjE4MDAwMDAwMDAwMDAsInJlYWQiOjMwMDAwMDAwMDAwMCwidXBkYXRlIjoxODAwMDAwMDAwMDAwfSwic2NoZW1hX3ZlcnNpb24iOiIyIn0=",
          "dependencies": [
            "module.rg.azurerm_resource_group.rg"
          ]
        }
      ]
    },
    {
      "module": "module.pip",
      "mode": "managed",
      "type": "azurerm_public_ip",
      "name": "pip",
      "provider": "provider[\"registry.terraform.io/hashicorp/azurerm\"]",
      "instances": [
        {
          "index_key": "pip1",
          "schema_version": 0,
          "attributes": {
            "allocation_method": "Static",
            "ddos_protection_mode": "VirtualNetworkInherited",
            "ddos_protection_plan_id": null,
            "domain_name_label": null,
            "domain_name_label_scope": null,
            "edge_zone": "",
            "fqdn": null,
            "id": "/subscriptions/987e5914-628e-4e9a-8c8f-d7fa87735002/resourceGroups/ojhadev/providers/Microsoft.Network/publicIPAddresses/frontend_pip",
            "idle_timeout_in_minutes": 4,
            "ip_address": "98.70.126.130",
            "ip_tags": {},
            "ip_version": "IPv4",
            "location": "centralindia",
            "name": "frontend_pip",
            "public_ip_prefix_id": null,
            "resource_group_name": "ojhadev",
            "reverse_fqdn": null,
            "sku": "Standard",
            "sku_tier": "Regional",
            "tags": {},
            "timeouts": null,
            "zones": []
          },
          "sensitive_attributes": [],
          "identity_schema_version": 0,
          "private": "eyJlMmJmYjczMC1lY2FhLTExZTYtOGY4OC0zNDM2M2JjN2M0YzAiOnsiY3JlYXRlIjoxODAwMDAwMDAwMDAwLCJkZWxldGUiOjE4MDAwMDAwMDAwMDAsInJlYWQiOjMwMDAwMDAwMDAwMCwidXBkYXRlIjoxODAwMDAwMDAwMDAwfX0=",
          "dependencies": [
            "module.rg.azurerm_resource_group.rg"
          ]
        },
        {
          "index_key": "pip2",
          "schema_version": 0,
          "attributes": {
            "allocation_method": "Static",
            "ddos_protection_mode": "VirtualNetworkInherited",
            "ddos_protection_plan_id": null,
            "domain_name_label": null,
            "domain_name_label_scope": null,
            "edge_zone": "",
            "fqdn": null,
            "id": "/subscriptions/987e5914-628e-4e9a-8c8f-d7fa87735002/resourceGroups/ojhadev/providers/Microsoft.Network/publicIPAddresses/backend_pip",
            "idle_timeout_in_minutes": 4,
            "ip_address": "4.213.60.133",
            "ip_tags": {},
            "ip_version": "IPv4",
            "location": "centralindia",
            "name": "backend_pip",
            "public_ip_prefix_id": null,
            "resource_group_name": "ojhadev",
            "reverse_fqdn": null,
            "sku": "Standard",
            "sku_tier": "Regional",
            "tags": {},
            "timeouts": null,
            "zones": []
          },
          "sensitive_attributes": [],
          "identity_schema_version": 0,
          "private": "eyJlMmJmYjczMC1lY2FhLTExZTYtOGY4OC0zNDM2M2JjN2M0YzAiOnsiY3JlYXRlIjoxODAwMDAwMDAwMDAwLCJkZWxldGUiOjE4MDAwMDAwMDAwMDAsInJlYWQiOjMwMDAwMDAwMDAwMCwidXBkYXRlIjoxODAwMDAwMDAwMDAwfX0=",
          "dependencies": [
            "module.rg.azurerm_resource_group.rg"
          ]
        }
      ]
    },
    {
      "module": "module.rg",
      "mode": "managed",
      "type": "azurerm_resource_group",
      "name": "rg",
      "provider": "provider[\"registry.terraform.io/hashicorp/azurerm\"]",
      "instances": [
        {
          "index_key": "rg1",
          "schema_version": 0,
          "attributes": {
            "id": "/subscriptions/987e5914-628e-4e9a-8c8f-d7fa87735002/resourceGroups/ojhadev",
            "location": "centralindia",
            "managed_by": "",
            "name": "ojhadev",
            "tags": {},
            "timeouts": null
          },
          "sensitive_attributes": [],
          "identity_schema_version": 0,
          "private": "eyJlMmJmYjczMC1lY2FhLTExZTYtOGY4OC0zNDM2M2JjN2M0YzAiOnsiY3JlYXRlIjo1NDAwMDAwMDAwMDAwLCJkZWxldGUiOjU0MDAwMDAwMDAwMDAsInJlYWQiOjMwMDAwMDAwMDAwMCwidXBkYXRlIjo1NDAwMDAwMDAwMDAwfX0="
        }
      ]
    },
    {
      "module": "module.sqldatabase",
      "mode": "data",
      "type": "azurerm_mssql_server",
      "name": "sql_id",
      "provider": "provider[\"registry.terraform.io/hashicorp/azurerm\"]",
      "instances": [
        {
          "index_key": "sqldb1",
          "schema_version": 0,
          "attributes": {
            "administrator_login": "adminnitesh",
            "express_vulnerability_assessment_enabled": false,
            "fully_qualified_domain_name": "sqlnaman2312.database.windows.net",
            "id": "/subscriptions/987e5914-628e-4e9a-8c8f-d7fa87735002/resourceGroups/ojhadev/providers/Microsoft.Sql/servers/sqlnaman2312",
            "identity": [],
            "location": "centralindia",
            "name": "sqlnaman2312",
            "resource_group_name": "ojhadev",
            "restorable_dropped_database_ids": [],
            "tags": {},
            "timeouts": null,
            "transparent_data_encryption_key_vault_key_id": "",
            "version": "12.0"
          },
          "sensitive_attributes": [],
          "identity_schema_version": 0
        }
      ]
    },
    {
      "module": "module.sqldatabase",
      "mode": "managed",
      "type": "azurerm_mssql_database",
      "name": "sqldb",
      "provider": "provider[\"registry.terraform.io/hashicorp/azurerm\"]",
      "instances": [
        {
          "index_key": "sqldb1",
          "schema_version": 1,
          "attributes": {
            "auto_pause_delay_in_minutes": 0,
            "collation": "SQL_Latin1_General_CP1_CI_AS",
            "create_mode": "Default",
            "creation_source_database_id": null,
            "elastic_pool_id": "",
            "enclave_type": "VBS",
            "geo_backup_enabled": true,
            "id": "/subscriptions/987e5914-628e-4e9a-8c8f-d7fa87735002/resourceGroups/ojhadev/providers/Microsoft.Sql/servers/sqlnaman2312/databases/sqldbnaman2312",
            "identity": [],
            "import": [],
            "ledger_enabled": false,
            "license_type": "LicenseIncluded",
            "long_term_retention_policy": [
              {
                "immutable_backups_enabled": false,
                "monthly_retention": "PT0S",
                "week_of_year": 1,
                "weekly_retention": "PT0S",
                "yearly_retention": "PT0S"
              }
            ],
            "maintenance_configuration_name": "SQL_Default",
            "max_size_gb": 2,
            "min_capacity": 0,
            "name": "sqldbnaman2312",
            "read_replica_count": 0,
            "read_scale": false,
            "recover_database_id": null,
            "recovery_point_id": null,
            "restore_dropped_database_id": null,
            "restore_long_term_retention_backup_id": null,
            "restore_point_in_time": null,
            "sample_name": null,
            "secondary_type": "",
            "server_id": "/subscriptions/987e5914-628e-4e9a-8c8f-d7fa87735002/resourceGroups/ojhadev/providers/Microsoft.Sql/servers/sqlnaman2312",
            "short_term_retention_policy": [
              {
                "backup_interval_in_hours": 24,
                "retention_days": 7
              }
            ],
            "sku_name": "S0",
            "storage_account_type": "Geo",
            "tags": {
              "foo": "bar"
            },
            "threat_detection_policy": [
              {
                "disabled_alerts": [],
                "email_account_admins": "Disabled",
                "email_addresses": [],
                "retention_days": 0,
                "state": "Disabled",
                "storage_account_access_key": "",
                "storage_endpoint": ""
              }
            ],
            "timeouts": null,
            "transparent_data_encryption_enabled": true,
            "transparent_data_encryption_key_automatic_rotation_enabled": false,
            "transparent_data_encryption_key_vault_key_id": "",
            "zone_redundant": false
          },
          "sensitive_attributes": [
            [
              {
                "type": "get_attr",
                "value": "threat_detection_policy"
              },
              {
                "type": "index",
                "value": {
                  "value": 0,
                  "type": "number"
                }
              },
              {
                "type": "get_attr",
                "value": "storage_account_access_key"
              }
            ]
          ],
          "identity_schema_version": 0,
          "private": "eyJlMmJmYjczMC1lY2FhLTExZTYtOGY4OC0zNDM2M2JjN2M0YzAiOnsiY3JlYXRlIjozNjAwMDAwMDAwMDAwLCJkZWxldGUiOjM2MDAwMDAwMDAwMDAsInJlYWQiOjMwMDAwMDAwMDAwMCwidXBkYXRlIjozNjAwMDAwMDAwMDAwfSwic2NoZW1hX3ZlcnNpb24iOiIxIn0=",
          "dependencies": [
            "module.rg.azurerm_resource_group.rg",
            "module.sqldatabase.data.azurerm_mssql_server.sql_id",
            "module.sqlserver.azurerm_mssql_server.todosqlserver"
          ]
        }
      ]
    },
    {
      "module": "module.sqlserver",
      "mode": "managed",
      "type": "azurerm_mssql_server",
      "name": "todosqlserver",
      "provider": "provider[\"registry.terraform.io/hashicorp/azurerm\"]",
      "instances": [
        {
          "index_key": "sqlserver1",
          "schema_version": 0,
          "attributes": {
            "administrator_login": "adminnitesh",
            "administrator_login_password": "Admin@nitesh",
            "administrator_login_password_wo": null,
            "administrator_login_password_wo_version": 0,
            "azuread_administrator": [
              {
                "azuread_authentication_only": false,
                "login_username": "Niteshkumarojha@ashishraawatoutlook.onmicrosoft.com\t ",
                "object_id": "0c6977c0-18a5-42c2-b86d-dc2688544ba7",
                "tenant_id": "52bc51cf-e7ed-4509-9a87-a0b4d1c97f38"
              }
            ],
            "connection_policy": "Default",
            "express_vulnerability_assessment_enabled": false,
            "fully_qualified_domain_name": "sqlnaman2312.database.windows.net",
            "id": "/subscriptions/987e5914-628e-4e9a-8c8f-d7fa87735002/resourceGroups/ojhadev/providers/Microsoft.Sql/servers/sqlnaman2312",
            "identity": [],
            "location": "centralindia",
            "minimum_tls_version": "1.2",
            "name": "sqlnaman2312",
            "outbound_network_restriction_enabled": false,
            "primary_user_assigned_identity_id": "",
            "public_network_access_enabled": true,
            "resource_group_name": "ojhadev",
            "restorable_dropped_database_ids": [],
            "tags": {},
            "timeouts": null,
            "transparent_data_encryption_key_vault_key_id": "",
            "version": "12.0"
          },
          "sensitive_attributes": [
            [
              {
                "type": "get_attr",
                "value": "administrator_login_password"
              }
            ],
            [
              {
                "type": "get_attr",
                "value": "administrator_login_password_wo"
              }
            ]
          ],
          "identity_schema_version": 0,
          "private": "eyJlMmJmYjczMC1lY2FhLTExZTYtOGY4OC0zNDM2M2JjN2M0YzAiOnsiY3JlYXRlIjozNjAwMDAwMDAwMDAwLCJkZWxldGUiOjM2MDAwMDAwMDAwMDAsInJlYWQiOjMwMDAwMDAwMDAwMCwidXBkYXRlIjozNjAwMDAwMDAwMDAwfX0=",
          "dependencies": [
            "module.rg.azurerm_resource_group.rg"
          ]
        }
      ]
    },
    {
      "module": "module.subnet",
      "mode": "managed",
      "type": "azurerm_subnet",
      "name": "subnet",
      "provider": "provider[\"registry.terraform.io/hashicorp/azurerm\"]",
      "instances": [
        {
          "index_key": "subnet_name1",
          "schema_version": 0,
          "attributes": {
            "address_prefixes": [
              "10.0.1.0/24"
            ],
            "default_outbound_access_enabled": true,
            "delegation": [],
            "id": "/subscriptions/987e5914-628e-4e9a-8c8f-d7fa87735002/resourceGroups/ojhadev/providers/Microsoft.Network/virtualNetworks/ojha_vnet/subnets/ojha_subnet1",
            "ip_address_pool": [],
            "name": "ojha_subnet1",
            "private_endpoint_network_policies": "Disabled",
            "private_link_service_network_policies_enabled": true,
            "resource_group_name": "ojhadev",
            "service_endpoint_policy_ids": [],
            "service_endpoints": [],
            "sharing_scope": "",
            "timeouts": null,
            "virtual_network_name": "ojha_vnet"
          },
          "sensitive_attributes": [],
          "identity_schema_version": 0,
          "identity": {
            "name": "ojha_subnet1",
            "resource_group_name": "ojhadev",
            "subscription_id": "987e5914-628e-4e9a-8c8f-d7fa87735002",
            "virtual_network_name": "ojha_vnet"
          },
          "private": "eyJlMmJmYjczMC1lY2FhLTExZTYtOGY4OC0zNDM2M2JjN2M0YzAiOnsiY3JlYXRlIjoxODAwMDAwMDAwMDAwLCJkZWxldGUiOjE4MDAwMDAwMDAwMDAsInJlYWQiOjMwMDAwMDAwMDAwMCwidXBkYXRlIjoxODAwMDAwMDAwMDAwfX0=",
          "dependencies": [
            "module.rg.azurerm_resource_group.rg",
            "module.vnet.azurerm_virtual_network.vnet"
          ]
        },
        {
          "index_key": "subnet_name2",
          "schema_version": 0,
          "attributes": {
            "address_prefixes": [
              "10.0.2.0/24"
            ],
            "default_outbound_access_enabled": true,
            "delegation": [],
            "id": "/subscriptions/987e5914-628e-4e9a-8c8f-d7fa87735002/resourceGroups/ojhadev/providers/Microsoft.Network/virtualNetworks/ojha_vnet/subnets/ojha_subnet2",
            "ip_address_pool": [],
            "name": "ojha_subnet2",
            "private_endpoint_network_policies": "Disabled",
            "private_link_service_network_policies_enabled": true,
            "resource_group_name": "ojhadev",
            "service_endpoint_policy_ids": [],
            "service_endpoints": [],
            "sharing_scope": "",
            "timeouts": null,
            "virtual_network_name": "ojha_vnet"
          },
          "sensitive_attributes": [],
          "identity_schema_version": 0,
          "identity": {
            "name": "ojha_subnet2",
            "resource_group_name": "ojhadev",
            "subscription_id": "987e5914-628e-4e9a-8c8f-d7fa87735002",
            "virtual_network_name": "ojha_vnet"
          },
          "private": "eyJlMmJmYjczMC1lY2FhLTExZTYtOGY4OC0zNDM2M2JjN2M0YzAiOnsiY3JlYXRlIjoxODAwMDAwMDAwMDAwLCJkZWxldGUiOjE4MDAwMDAwMDAwMDAsInJlYWQiOjMwMDAwMDAwMDAwMCwidXBkYXRlIjoxODAwMDAwMDAwMDAwfX0=",
          "dependencies": [
            "module.rg.azurerm_resource_group.rg",
            "module.vnet.azurerm_virtual_network.vnet"
          ]
        }
      ]
    },
    {
      "module": "module.virtual_machine",
      "mode": "data",
      "type": "azurerm_public_ip",
      "name": "pip_id",
      "provider": "provider[\"registry.terraform.io/hashicorp/azurerm\"]",
      "instances": [
        {
          "index_key": "vm1",
          "schema_version": 0,
          "attributes": {
            "allocation_method": "Static",
            "ddos_protection_mode": "VirtualNetworkInherited",
            "ddos_protection_plan_id": null,
            "domain_name_label": "",
            "fqdn": "",
            "id": "/subscriptions/987e5914-628e-4e9a-8c8f-d7fa87735002/resourceGroups/ojhadev/providers/Microsoft.Network/publicIPAddresses/frontend_pip",
            "idle_timeout_in_minutes": 4,
            "ip_address": "98.70.126.130",
            "ip_tags": {},
            "ip_version": "IPv4",
            "location": "centralindia",
            "name": "frontend_pip",
            "resource_group_name": "ojhadev",
            "reverse_fqdn": "",
            "sku": "Standard",
            "tags": {},
            "timeouts": null,
            "zones": []
          },
          "sensitive_attributes": [],
          "identity_schema_version": 0
        },
        {
          "index_key": "vm2",
          "schema_version": 0,
          "attributes": {
            "allocation_method": "Static",
            "ddos_protection_mode": "VirtualNetworkInherited",
            "ddos_protection_plan_id": null,
            "domain_name_label": "",
            "fqdn": "",
            "id": "/subscriptions/987e5914-628e-4e9a-8c8f-d7fa87735002/resourceGroups/ojhadev/providers/Microsoft.Network/publicIPAddresses/backend_pip",
            "idle_timeout_in_minutes": 4,
            "ip_address": "4.213.60.133",
            "ip_tags": {},
            "ip_version": "IPv4",
            "location": "centralindia",
            "name": "backend_pip",
            "resource_group_name": "ojhadev",
            "reverse_fqdn": "",
            "sku": "Standard",
            "tags": {},
            "timeouts": null,
            "zones": []
          },
          "sensitive_attributes": [],
          "identity_schema_version": 0
        }
      ]
    },
    {
      "module": "module.virtual_machine",
      "mode": "data",
      "type": "azurerm_subnet",
      "name": "subnet_id",
      "provider": "provider[\"registry.terraform.io/hashicorp/azurerm\"]",
      "instances": [
        {
          "index_key": "vm1",
          "schema_version": 0,
          "attributes": {
            "address_prefix": "10.0.1.0/24",
            "address_prefixes": [
              "10.0.1.0/24"
            ],
            "default_outbound_access_enabled": true,
            "id": "/subscriptions/987e5914-628e-4e9a-8c8f-d7fa87735002/resourceGroups/ojhadev/providers/Microsoft.Network/virtualNetworks/ojha_vnet/subnets/ojha_subnet1",
            "name": "ojha_subnet1",
            "network_security_group_id": "",
            "private_endpoint_network_policies": "Disabled",
            "private_link_service_network_policies_enabled": true,
            "resource_group_name": "ojhadev",
            "route_table_id": "",
            "service_endpoints": [],
            "timeouts": null,
            "virtual_network_name": "ojha_vnet"
          },
          "sensitive_attributes": [],
          "identity_schema_version": 0
        },
        {
          "index_key": "vm2",
          "schema_version": 0,
          "attributes": {
            "address_prefix": "10.0.2.0/24",
            "address_prefixes": [
              "10.0.2.0/24"
            ],
            "default_outbound_access_enabled": true,
            "id": "/subscriptions/987e5914-628e-4e9a-8c8f-d7fa87735002/resourceGroups/ojhadev/providers/Microsoft.Network/virtualNetworks/ojha_vnet/subnets/ojha_subnet2",
            "name": "ojha_subnet2",
            "network_security_group_id": "",
            "private_endpoint_network_policies": "Disabled",
            "private_link_service_network_policies_enabled": true,
            "resource_group_name": "ojhadev",
            "route_table_id": "",
            "service_endpoints": [],
            "timeouts": null,
            "virtual_network_name": "ojha_vnet"
          },
          "sensitive_attributes": [],
          "identity_schema_version": 0
        }
      ]
    },
    {
      "module": "module.virtual_machine",
      "mode": "managed",
      "type": "azurerm_linux_virtual_machine",
      "name": "vm-fronted",
      "provider": "provider[\"registry.terraform.io/hashicorp/azurerm\"]",
      "instances": [
        {
          "index_key": "vm1",
          "schema_version": 0,
          "attributes": {
            "additional_capabilities": [],
            "admin_password": "Nokia123",
            "admin_ssh_key": [],
            "admin_username": "pardeep",
            "allow_extension_operations": true,
            "availability_set_id": "",
            "boot_diagnostics": [],
            "bypass_platform_safety_checks_on_user_schedule_enabled": false,
            "capacity_reservation_group_id": "",
            "computer_name": "frontend-vm",
            "custom_data": null,
            "dedicated_host_group_id": "",
            "dedicated_host_id": "",
            "disable_password_authentication": false,
            "disk_controller_type": "SCSI",
            "edge_zone": "",
            "encryption_at_host_enabled": false,
            "eviction_policy": "",
            "extensions_time_budget": "PT1H30M",
            "gallery_application": [],
            "id": "/subscriptions/987e5914-628e-4e9a-8c8f-d7fa87735002/resourceGroups/ojhadev/providers/Microsoft.Compute/virtualMachines/frontend-vm",
            "identity": [],
            "license_type": "",
            "location": "centralindia",
            "max_bid_price": -1,
            "name": "frontend-vm",
            "network_interface_ids": [
              "/subscriptions/987e5914-628e-4e9a-8c8f-d7fa87735002/resourceGroups/ojhadev/providers/Microsoft.Network/networkInterfaces/vm1-nic"
            ],
            "os_disk": [
              {
                "caching": "ReadWrite",
                "diff_disk_settings": [],
                "disk_encryption_set_id": "",
                "disk_size_gb": 30,
                "id": "/subscriptions/987e5914-628e-4e9a-8c8f-d7fa87735002/resourceGroups/ojhadev/providers/Microsoft.Compute/disks/frontend-vm_OsDisk_1_e55574260d07472ea490f37004a91458",
                "name": "frontend-vm_OsDisk_1_e55574260d07472ea490f37004a91458",
                "secure_vm_disk_encryption_set_id": "",
                "security_encryption_type": "",
                "storage_account_type": "Standard_LRS",
                "write_accelerator_enabled": false
              }
            ],
            "os_image_notification": [],
            "os_managed_disk_id": "/subscriptions/987e5914-628e-4e9a-8c8f-d7fa87735002/resourceGroups/ojhadev/providers/Microsoft.Compute/disks/frontend-vm_OsDisk_1_e55574260d07472ea490f37004a91458",
            "patch_assessment_mode": "ImageDefault",
            "patch_mode": "ImageDefault",
            "plan": [],
            "platform_fault_domain": -1,
            "priority": "Regular",
            "private_ip_address": "10.0.1.4",
            "private_ip_addresses": [
              "10.0.1.4"
            ],
            "provision_vm_agent": true,
            "proximity_placement_group_id": "",
            "public_ip_address": "98.70.126.130",
            "public_ip_addresses": [
              "98.70.126.130"
            ],
            "reboot_setting": "",
            "resource_group_name": "ojhadev",
            "secret": [],
            "secure_boot_enabled": false,
            "size": "Standard_D2s_v3",
            "source_image_id": "",
            "source_image_reference": [
              {
                "offer": "0001-com-ubuntu-server-jammy",
                "publisher": "Canonical",
                "sku": "22_04-lts-gen2",
                "version": "latest"
              }
            ],
            "tags": {},
            "termination_notification": [],
            "timeouts": null,
            "user_data": "",
            "virtual_machine_id": "804fe025-421c-41f0-a3b7-ddb17579be30",
            "virtual_machine_scale_set_id": "",
            "vm_agent_platform_updates_enabled": false,
            "vtpm_enabled": false,
            "zone": ""
          },
          "sensitive_attributes": [
            [
              {
                "type": "get_attr",
                "value": "admin_password"
              }
            ],
            [
              {
                "type": "get_attr",
                "value": "custom_data"
              }
            ]
          ],
          "identity_schema_version": 0,
          "private": "eyJlMmJmYjczMC1lY2FhLTExZTYtOGY4OC0zNDM2M2JjN2M0YzAiOnsiY3JlYXRlIjoyNzAwMDAwMDAwMDAwLCJkZWxldGUiOjI3MDAwMDAwMDAwMDAsInJlYWQiOjMwMDAwMDAwMDAwMCwidXBkYXRlIjoyNzAwMDAwMDAwMDAwfX0=",
          "dependencies": [
            "module.pip.azurerm_public_ip.pip",
            "module.rg.azurerm_resource_group.rg",
            "module.subnet.azurerm_subnet.subnet",
            "module.virtual_machine.azurerm_network_interface.nic",
            "module.virtual_machine.data.azurerm_public_ip.pip_id",
            "module.virtual_machine.data.azurerm_subnet.subnet_id",
            "module.vnet.azurerm_virtual_network.vnet"
          ]
        },
        {
          "index_key": "vm2",
          "schema_version": 0,
          "attributes": {
            "additional_capabilities": [],
            "admin_password": "Nokia123",
            "admin_ssh_key": [],
            "admin_username": "pardeep",
            "allow_extension_operations": true,
            "availability_set_id": "",
            "boot_diagnostics": [],
            "bypass_platform_safety_checks_on_user_schedule_enabled": false,
            "capacity_reservation_group_id": "",
            "computer_name": "backend-vm",
            "custom_data": null,
            "dedicated_host_group_id": "",
            "dedicated_host_id": "",
            "disable_password_authentication": false,
            "disk_controller_type": "SCSI",
            "edge_zone": "",
            "encryption_at_host_enabled": false,
            "eviction_policy": "",
            "extensions_time_budget": "PT1H30M",
            "gallery_application": [],
            "id": "/subscriptions/987e5914-628e-4e9a-8c8f-d7fa87735002/resourceGroups/ojhadev/providers/Microsoft.Compute/virtualMachines/backend-vm",
            "identity": [],
            "license_type": "",
            "location": "centralindia",
            "max_bid_price": -1,
            "name": "backend-vm",
            "network_interface_ids": [
              "/subscriptions/987e5914-628e-4e9a-8c8f-d7fa87735002/resourceGroups/ojhadev/providers/Microsoft.Network/networkInterfaces/vm2-nic"
            ],
            "os_disk": [
              {
                "caching": "ReadWrite",
                "diff_disk_settings": [],
                "disk_encryption_set_id": "",
                "disk_size_gb": 30,
                "id": "/subscriptions/987e5914-628e-4e9a-8c8f-d7fa87735002/resourceGroups/ojhadev/providers/Microsoft.Compute/disks/backend-vm_OsDisk_1_db6541276be74e69ad301586b4995ee0",
                "name": "backend-vm_OsDisk_1_db6541276be74e69ad301586b4995ee0",
                "secure_vm_disk_encryption_set_id": "",
                "security_encryption_type": "",
                "storage_account_type": "Standard_LRS",
                "write_accelerator_enabled": false
              }
            ],
            "os_image_notification": [],
            "os_managed_disk_id": "/subscriptions/987e5914-628e-4e9a-8c8f-d7fa87735002/resourceGroups/ojhadev/providers/Microsoft.Compute/disks/backend-vm_OsDisk_1_db6541276be74e69ad301586b4995ee0",
            "patch_assessment_mode": "ImageDefault",
            "patch_mode": "ImageDefault",
            "plan": [],
            "platform_fault_domain": -1,
            "priority": "Regular",
            "private_ip_address": "10.0.2.4",
            "private_ip_addresses": [
              "10.0.2.4"
            ],
            "provision_vm_agent": true,
            "proximity_placement_group_id": "",
            "public_ip_address": "4.213.60.133",
            "public_ip_addresses": [
              "4.213.60.133"
            ],
            "reboot_setting": "",
            "resource_group_name": "ojhadev",
            "secret": [],
            "secure_boot_enabled": false,
            "size": "Standard_D2s_v3",
            "source_image_id": "",
            "source_image_reference": [
              {
                "offer": "0001-com-ubuntu-server-jammy",
                "publisher": "Canonical",
                "sku": "22_04-lts-gen2",
                "version": "latest"
              }
            ],
            "tags": {},
            "termination_notification": [],
            "timeouts": null,
            "user_data": "",
            "virtual_machine_id": "d7122cb4-653a-4b6f-a611-c643b8d73159",
            "virtual_machine_scale_set_id": "",
            "vm_agent_platform_updates_enabled": false,
            "vtpm_enabled": false,
            "zone": ""
          },
          "sensitive_attributes": [
            [
              {
                "type": "get_attr",
                "value": "admin_password"
              }
            ],
            [
              {
                "type": "get_attr",
                "value": "custom_data"
              }
            ]
          ],
          "identity_schema_version": 0,
          "private": "eyJlMmJmYjczMC1lY2FhLTExZTYtOGY4OC0zNDM2M2JjN2M0YzAiOnsiY3JlYXRlIjoyNzAwMDAwMDAwMDAwLCJkZWxldGUiOjI3MDAwMDAwMDAwMDAsInJlYWQiOjMwMDAwMDAwMDAwMCwidXBkYXRlIjoyNzAwMDAwMDAwMDAwfX0=",
          "dependencies": [
            "module.pip.azurerm_public_ip.pip",
            "module.rg.azurerm_resource_group.rg",
            "module.subnet.azurerm_subnet.subnet",
            "module.virtual_machine.azurerm_network_interface.nic",
            "module.virtual_machine.data.azurerm_public_ip.pip_id",
            "module.virtual_machine.data.azurerm_subnet.subnet_id",
            "module.vnet.azurerm_virtual_network.vnet"
          ]
        }
      ]
    },
    {
      "module": "module.virtual_machine",
      "mode": "managed",
      "type": "azurerm_network_interface",
      "name": "nic",
      "provider": "provider[\"registry.terraform.io/hashicorp/azurerm\"]",
      "instances": [
        {
          "index_key": "vm1",
          "schema_version": 0,
          "attributes": {
            "accelerated_networking_enabled": false,
            "applied_dns_servers": [],
            "auxiliary_mode": "",
            "auxiliary_sku": "",
            "dns_servers": [],
            "edge_zone": "",
            "id": "/subscriptions/987e5914-628e-4e9a-8c8f-d7fa87735002/resourceGroups/ojhadev/providers/Microsoft.Network/networkInterfaces/vm1-nic",
            "internal_dns_name_label": "",
            "internal_domain_name_suffix": "zuolbj0mlqdebkbea2mw35lige.rx.internal.cloudapp.net",
            "ip_configuration": [
              {
                "gateway_load_balancer_frontend_ip_configuration_id": "",
                "name": "ipconfig1",
                "primary": true,
                "private_ip_address": "10.0.1.4",
                "private_ip_address_allocation": "Dynamic",
                "private_ip_address_version": "IPv4",
                "public_ip_address_id": "/subscriptions/987e5914-628e-4e9a-8c8f-d7fa87735002/resourceGroups/ojhadev/providers/Microsoft.Network/publicIPAddresses/frontend_pip",
                "subnet_id": "/subscriptions/987e5914-628e-4e9a-8c8f-d7fa87735002/resourceGroups/ojhadev/providers/Microsoft.Network/virtualNetworks/ojha_vnet/subnets/ojha_subnet1"
              }
            ],
            "ip_forwarding_enabled": false,
            "location": "centralindia",
            "mac_address": "60-45-BD-73-9F-86",
            "name": "vm1-nic",
            "private_ip_address": "10.0.1.4",
            "private_ip_addresses": [
              "10.0.1.4"
            ],
            "resource_group_name": "ojhadev",
            "tags": {},
            "timeouts": null,
            "virtual_machine_id": "/subscriptions/987e5914-628e-4e9a-8c8f-d7fa87735002/resourceGroups/ojhadev/providers/Microsoft.Compute/virtualMachines/frontend-vm"
          },
          "sensitive_attributes": [],
          "identity_schema_version": 0,
          "identity": {
            "name": "vm1-nic",
            "resource_group_name": "ojhadev",
            "subscription_id": "987e5914-628e-4e9a-8c8f-d7fa87735002"
          },
          "private": "eyJlMmJmYjczMC1lY2FhLTExZTYtOGY4OC0zNDM2M2JjN2M0YzAiOnsiY3JlYXRlIjoxODAwMDAwMDAwMDAwLCJkZWxldGUiOjE4MDAwMDAwMDAwMDAsInJlYWQiOjMwMDAwMDAwMDAwMCwidXBkYXRlIjoxODAwMDAwMDAwMDAwfX0=",
          "dependencies": [
            "module.pip.azurerm_public_ip.pip",
            "module.rg.azurerm_resource_group.rg",
            "module.subnet.azurerm_subnet.subnet",
            "module.virtual_machine.data.azurerm_public_ip.pip_id",
            "module.virtual_machine.data.azurerm_subnet.subnet_id",
            "module.vnet.azurerm_virtual_network.vnet"
          ]
        },
        {
          "index_key": "vm2",
          "schema_version": 0,
          "attributes": {
            "accelerated_networking_enabled": false,
            "applied_dns_servers": [],
            "auxiliary_mode": "",
            "auxiliary_sku": "",
            "dns_servers": [],
            "edge_zone": "",
            "id": "/subscriptions/987e5914-628e-4e9a-8c8f-d7fa87735002/resourceGroups/ojhadev/providers/Microsoft.Network/networkInterfaces/vm2-nic",
            "internal_dns_name_label": "",
            "internal_domain_name_suffix": "zuolbj0mlqdebkbea2mw35lige.rx.internal.cloudapp.net",
            "ip_configuration": [
              {
                "gateway_load_balancer_frontend_ip_configuration_id": "",
                "name": "ipconfig1",
                "primary": true,
                "private_ip_address": "10.0.2.4",
                "private_ip_address_allocation": "Dynamic",
                "private_ip_address_version": "IPv4",
                "public_ip_address_id": "/subscriptions/987e5914-628e-4e9a-8c8f-d7fa87735002/resourceGroups/ojhadev/providers/Microsoft.Network/publicIPAddresses/backend_pip",
                "subnet_id": "/subscriptions/987e5914-628e-4e9a-8c8f-d7fa87735002/resourceGroups/ojhadev/providers/Microsoft.Network/virtualNetworks/ojha_vnet/subnets/ojha_subnet2"
              }
            ],
            "ip_forwarding_enabled": false,
            "location": "centralindia",
            "mac_address": "00-0D-3A-3E-2F-59",
            "name": "vm2-nic",
            "private_ip_address": "10.0.2.4",
            "private_ip_addresses": [
              "10.0.2.4"
            ],
            "resource_group_name": "ojhadev",
            "tags": {},
            "timeouts": null,
            "virtual_machine_id": "/subscriptions/987e5914-628e-4e9a-8c8f-d7fa87735002/resourceGroups/ojhadev/providers/Microsoft.Compute/virtualMachines/backend-vm"
          },
          "sensitive_attributes": [],
          "identity_schema_version": 0,
          "identity": {
            "name": "vm2-nic",
            "resource_group_name": "ojhadev",
            "subscription_id": "987e5914-628e-4e9a-8c8f-d7fa87735002"
          },
          "private": "eyJlMmJmYjczMC1lY2FhLTExZTYtOGY4OC0zNDM2M2JjN2M0YzAiOnsiY3JlYXRlIjoxODAwMDAwMDAwMDAwLCJkZWxldGUiOjE4MDAwMDAwMDAwMDAsInJlYWQiOjMwMDAwMDAwMDAwMCwidXBkYXRlIjoxODAwMDAwMDAwMDAwfX0=",
          "dependencies": [
            "module.pip.azurerm_public_ip.pip",
            "module.rg.azurerm_resource_group.rg",
            "module.subnet.azurerm_subnet.subnet",
            "module.virtual_machine.data.azurerm_public_ip.pip_id",
            "module.virtual_machine.data.azurerm_subnet.subnet_id",
            "module.vnet.azurerm_virtual_network.vnet"
          ]
        }
      ]
    },
    {
      "module": "module.vnet",
      "mode": "managed",
      "type": "azurerm_virtual_network",
      "name": "vnet",
      "provider": "provider[\"registry.terraform.io/hashicorp/azurerm\"]",
      "instances": [
        {
          "index_key": "vnet_name1",
          "schema_version": 0,
          "attributes": {
            "address_space": [
              "10.0.0.0/16"
            ],
            "bgp_community": "",
            "ddos_protection_plan": [],
            "dns_servers": [],
            "edge_zone": "",
            "encryption": [],
            "flow_timeout_in_minutes": 0,
            "guid": "a7b01ccd-5c4c-4006-a824-07196efd6834",
            "id": "/subscriptions/987e5914-628e-4e9a-8c8f-d7fa87735002/resourceGroups/ojhadev/providers/Microsoft.Network/virtualNetworks/ojha_vnet",
            "ip_address_pool": [],
            "location": "centralindia",
            "name": "ojha_vnet",
            "private_endpoint_vnet_policies": "Disabled",
            "resource_group_name": "ojhadev",
            "subnet": [
              {
                "address_prefixes": [
                  "10.0.1.0/24"
                ],
                "default_outbound_access_enabled": true,
                "delegation": [],
                "id": "/subscriptions/987e5914-628e-4e9a-8c8f-d7fa87735002/resourceGroups/ojhadev/providers/Microsoft.Network/virtualNetworks/ojha_vnet/subnets/ojha_subnet1",
                "name": "ojha_subnet1",
                "private_endpoint_network_policies": "Disabled",
                "private_link_service_network_policies_enabled": true,
                "route_table_id": "",
                "security_group": "",
                "service_endpoint_policy_ids": [],
                "service_endpoints": []
              },
              {
                "address_prefixes": [
                  "10.0.2.0/24"
                ],
                "default_outbound_access_enabled": true,
                "delegation": [],
                "id": "/subscriptions/987e5914-628e-4e9a-8c8f-d7fa87735002/resourceGroups/ojhadev/providers/Microsoft.Network/virtualNetworks/ojha_vnet/subnets/ojha_subnet2",
                "name": "ojha_subnet2",
                "private_endpoint_network_policies": "Disabled",
                "private_link_service_network_policies_enabled": true,
                "route_table_id": "",
                "security_group": "",
                "service_endpoint_policy_ids": [],
                "service_endpoints": []
              }
            ],
            "tags": {},
            "timeouts": null
          },
          "sensitive_attributes": [],
          "identity_schema_version": 0,
          "identity": {
            "name": "ojha_vnet",
            "resource_group_name": "ojhadev",
            "subscription_id": "987e5914-628e-4e9a-8c8f-d7fa87735002"
          },
          "private": "eyJlMmJmYjczMC1lY2FhLTExZTYtOGY4OC0zNDM2M2JjN2M0YzAiOnsiY3JlYXRlIjoxODAwMDAwMDAwMDAwLCJkZWxldGUiOjE4MDAwMDAwMDAwMDAsInJlYWQiOjMwMDAwMDAwMDAwMCwidXBkYXRlIjoxODAwMDAwMDAwMDAwfX0=",
          "dependencies": [
            "module.rg.azurerm_resource_group.rg"
          ]
        }
      ]
    }
  ],
  "check_results": null
}
